
Microsoft Visual Studio Solution File, Format Version 12.00
# Visual Studio Version 16
VisualStudioVersion = 16.0.32228.343
MinimumVisualStudioVersion = 10.0.40219.1
Project("{FAE04EC0-301F-11D3-BF4B-00C04F79EFBC}") = "DigitalClock", "DigitalClock.csproj", "{7673FE1A-9F62-4E44-92E2-366CC8FCF6DA}"
EndProject
Global
	GlobalSection(SolutionConfigurationPlatforms) = preSolution
		Debug|Any CPU = Debug|Any CPU
		Release|Any CPU = Release|Any CPU
	EndGlobalSection
	GlobalSection(ProjectConfigurationPlatforms) = postSolution
		{7673FE1A-9F62-4E44-92E2-366CC8FCF6DA}.Debug|Any CPU.ActiveCfg = Debug|Any CPU
		{7673FE1A-9F62-4E44-92E2-366CC8FCF6DA}.Debug|Any CPU.Build.0 = Debug|Any CPU
		{7673FE1A-9F62-4E44-92E2-366CC8FCF6DA}.Release|Any CPU.ActiveCfg = Release|Any CPU
		{7673FE1A-9F62-4E44-92E2-366CC8FCF6DA}.Release|Any CPU.Build.0 = Release|Any CPU
	EndGlobalSection
	GlobalSection(SolutionProperties) = preSolution
		HideSolutionNode = FALSE
	EndGlobalSection
	GlobalSection(ExtensibilityGlobals) = postSolution
		SolutionGuid = {FEDFA428-4EFF-4DD6-B40B-8A5205B10EE6}
	EndGlobalSection
EndGlobal
